
Microsoft Visual Studio Solution File, Format Version 12.00
# Visual Studio 15
VisualStudioVersion = 15.0.27703.2000
MinimumVisualStudioVersion = 10.0.40219.1
Project("{FAE04EC0-301F-11D3-BF4B-00C04F79EFBC}") = "Iterator_Cursor", "Iterator_Cursor\Iterator_Cursor.csproj", "{1ABAC91C-3F8E-4352-9D82-207855241B71}"
EndProject
Project("{FAE04EC0-301F-11D3-BF4B-00C04F79EFBC}") = "AntiPattern", "AntiPattern\AntiPattern\AntiPattern.csproj", "{506C09C9-14D7-47A5-BA46-6222AA411CE4}"
EndProject
Project("{FAE04EC0-301F-11D3-BF4B-00C04F79EFBC}") = "UsingIEnumerator", "UsingIEnumerator\UsingIEnumerator\UsingIEnumerator.csproj", "{0ACDE2EC-AAD6-4D84-A21F-353F51D240C9}"
EndProject
Global
	GlobalSection(SolutionConfigurationPlatforms) = preSolution
		Debug|Any CPU = Debug|Any CPU
		Release|Any CPU = Release|Any CPU
	EndGlobalSection
	GlobalSection(ProjectConfigurationPlatforms) = postSolution
		{1ABAC91C-3F8E-4352-9D82-207855241B71}.Debug|Any CPU.ActiveCfg = Debug|Any CPU
		{1ABAC91C-3F8E-4352-9D82-207855241B71}.Debug|Any CPU.Build.0 = Debug|Any CPU
		{1ABAC91C-3F8E-4352-9D82-207855241B71}.Release|Any CPU.ActiveCfg = Release|Any CPU
		{1ABAC91C-3F8E-4352-9D82-207855241B71}.Release|Any CPU.Build.0 = Release|Any CPU
		{506C09C9-14D7-47A5-BA46-6222AA411CE4}.Debug|Any CPU.ActiveCfg = Debug|Any CPU
		{506C09C9-14D7-47A5-BA46-6222AA411CE4}.Debug|Any CPU.Build.0 = Debug|Any CPU
		{506C09C9-14D7-47A5-BA46-6222AA411CE4}.Release|Any CPU.ActiveCfg = Release|Any CPU
		{506C09C9-14D7-47A5-BA46-6222AA411CE4}.Release|Any CPU.Build.0 = Release|Any CPU
		{0ACDE2EC-AAD6-4D84-A21F-353F51D240C9}.Debug|Any CPU.ActiveCfg = Debug|Any CPU
		{0ACDE2EC-AAD6-4D84-A21F-353F51D240C9}.Debug|Any CPU.Build.0 = Debug|Any CPU
		{0ACDE2EC-AAD6-4D84-A21F-353F51D240C9}.Release|Any CPU.ActiveCfg = Release|Any CPU
		{0ACDE2EC-AAD6-4D84-A21F-353F51D240C9}.Release|Any CPU.Build.0 = Release|Any CPU
	EndGlobalSection
	GlobalSection(SolutionProperties) = preSolution
		HideSolutionNode = FALSE
	EndGlobalSection
	GlobalSection(ExtensibilityGlobals) = postSolution
		SolutionGuid = {97309236-5554-4B2D-95F9-747D4A7C338F}
	EndGlobalSection
EndGlobal
