
Microsoft Visual Studio Solution File, Format Version 12.00
# Visual Studio 15
VisualStudioVersion = 15.0.27703.2000
MinimumVisualStudioVersion = 10.0.40219.1
Project("{FAE04EC0-301F-11D3-BF4B-00C04F79EFBC}") = "Observer_PublishSubscribe", "Observer_PublishSubscribe\Observer_PublishSubscribe.csproj", "{B4F23785-783F-4B96-8D79-0E81E0906401}"
EndProject
Project("{FAE04EC0-301F-11D3-BF4B-00C04F79EFBC}") = "UsingINotifyPropertyChange", "UsingINotifyPropertyChange\UsingINotifyPropertyChange\UsingINotifyPropertyChange.csproj", "{D9E28676-EDBA-47C9-ADEF-2AFC9BCCD9EE}"
EndProject
Global
	GlobalSection(SolutionConfigurationPlatforms) = preSolution
		Debug|Any CPU = Debug|Any CPU
		Release|Any CPU = Release|Any CPU
	EndGlobalSection
	GlobalSection(ProjectConfigurationPlatforms) = postSolution
		{B4F23785-783F-4B96-8D79-0E81E0906401}.Debug|Any CPU.ActiveCfg = Debug|Any CPU
		{B4F23785-783F-4B96-8D79-0E81E0906401}.Debug|Any CPU.Build.0 = Debug|Any CPU
		{B4F23785-783F-4B96-8D79-0E81E0906401}.Release|Any CPU.ActiveCfg = Release|Any CPU
		{B4F23785-783F-4B96-8D79-0E81E0906401}.Release|Any CPU.Build.0 = Release|Any CPU
		{D9E28676-EDBA-47C9-ADEF-2AFC9BCCD9EE}.Debug|Any CPU.ActiveCfg = Debug|Any CPU
		{D9E28676-EDBA-47C9-ADEF-2AFC9BCCD9EE}.Debug|Any CPU.Build.0 = Debug|Any CPU
		{D9E28676-EDBA-47C9-ADEF-2AFC9BCCD9EE}.Release|Any CPU.ActiveCfg = Release|Any CPU
		{D9E28676-EDBA-47C9-ADEF-2AFC9BCCD9EE}.Release|Any CPU.Build.0 = Release|Any CPU
	EndGlobalSection
	GlobalSection(SolutionProperties) = preSolution
		HideSolutionNode = FALSE
	EndGlobalSection
	GlobalSection(ExtensibilityGlobals) = postSolution
		SolutionGuid = {25175204-7DBA-4F1F-8613-4A82A4330C8F}
	EndGlobalSection
EndGlobal
