
Microsoft Visual Studio Solution File, Format Version 12.00
# Visual Studio 15
VisualStudioVersion = 15.0.27703.2018
MinimumVisualStudioVersion = 10.0.40219.1
Project("{FAE04EC0-301F-11D3-BF4B-00C04F79EFBC}") = "Visitor", "Visitor\Visitor.csproj", "{6887C549-6B6B-46CC-BBF0-9311C8ABD1F7}"
EndProject
Project("{FAE04EC0-301F-11D3-BF4B-00C04F79EFBC}") = "BankCreditExample", "BankCreditExample\BankCreditExample.csproj", "{9A538F60-39A0-4D72-9DCD-91793C6575B9}"
EndProject
Project("{FAE04EC0-301F-11D3-BF4B-00C04F79EFBC}") = "ExtensionMethods", "ExtensionMethods\ExtensionMethods.csproj", "{6443D307-019F-4C03-AA1A-7E4981C3F45F}"
EndProject
Global
	GlobalSection(SolutionConfigurationPlatforms) = preSolution
		Debug|Any CPU = Debug|Any CPU
		Release|Any CPU = Release|Any CPU
	EndGlobalSection
	GlobalSection(ProjectConfigurationPlatforms) = postSolution
		{6887C549-6B6B-46CC-BBF0-9311C8ABD1F7}.Debug|Any CPU.ActiveCfg = Debug|Any CPU
		{6887C549-6B6B-46CC-BBF0-9311C8ABD1F7}.Debug|Any CPU.Build.0 = Debug|Any CPU
		{6887C549-6B6B-46CC-BBF0-9311C8ABD1F7}.Release|Any CPU.ActiveCfg = Release|Any CPU
		{6887C549-6B6B-46CC-BBF0-9311C8ABD1F7}.Release|Any CPU.Build.0 = Release|Any CPU
		{9A538F60-39A0-4D72-9DCD-91793C6575B9}.Debug|Any CPU.ActiveCfg = Debug|Any CPU
		{9A538F60-39A0-4D72-9DCD-91793C6575B9}.Debug|Any CPU.Build.0 = Debug|Any CPU
		{9A538F60-39A0-4D72-9DCD-91793C6575B9}.Release|Any CPU.ActiveCfg = Release|Any CPU
		{9A538F60-39A0-4D72-9DCD-91793C6575B9}.Release|Any CPU.Build.0 = Release|Any CPU
		{6443D307-019F-4C03-AA1A-7E4981C3F45F}.Debug|Any CPU.ActiveCfg = Debug|Any CPU
		{6443D307-019F-4C03-AA1A-7E4981C3F45F}.Debug|Any CPU.Build.0 = Debug|Any CPU
		{6443D307-019F-4C03-AA1A-7E4981C3F45F}.Release|Any CPU.ActiveCfg = Release|Any CPU
		{6443D307-019F-4C03-AA1A-7E4981C3F45F}.Release|Any CPU.Build.0 = Release|Any CPU
	EndGlobalSection
	GlobalSection(SolutionProperties) = preSolution
		HideSolutionNode = FALSE
	EndGlobalSection
	GlobalSection(ExtensibilityGlobals) = postSolution
		SolutionGuid = {69D35746-A451-4BFF-B702-997747E64141}
	EndGlobalSection
EndGlobal
