
Microsoft Visual Studio Solution File, Format Version 12.00
# Visual Studio 15
VisualStudioVersion = 15.0.27703.2018
MinimumVisualStudioVersion = 10.0.40219.1
Project("{FAE04EC0-301F-11D3-BF4B-00C04F79EFBC}") = "State", "State\State.csproj", "{66AF3F30-BD78-4B96-BD87-4118450E9A29}"
EndProject
Project("{FAE04EC0-301F-11D3-BF4B-00C04F79EFBC}") = "State_Observer_Singleton", "State_Observer_Singleton\State_Observer_Singleton\State_Observer_Singleton.csproj", "{2536EDD3-743E-4261-9516-10B41C9FA14A}"
EndProject
Global
	GlobalSection(SolutionConfigurationPlatforms) = preSolution
		Debug|Any CPU = Debug|Any CPU
		Release|Any CPU = Release|Any CPU
	EndGlobalSection
	GlobalSection(ProjectConfigurationPlatforms) = postSolution
		{66AF3F30-BD78-4B96-BD87-4118450E9A29}.Debug|Any CPU.ActiveCfg = Debug|Any CPU
		{66AF3F30-BD78-4B96-BD87-4118450E9A29}.Debug|Any CPU.Build.0 = Debug|Any CPU
		{66AF3F30-BD78-4B96-BD87-4118450E9A29}.Release|Any CPU.ActiveCfg = Release|Any CPU
		{66AF3F30-BD78-4B96-BD87-4118450E9A29}.Release|Any CPU.Build.0 = Release|Any CPU
		{2536EDD3-743E-4261-9516-10B41C9FA14A}.Debug|Any CPU.ActiveCfg = Debug|Any CPU
		{2536EDD3-743E-4261-9516-10B41C9FA14A}.Debug|Any CPU.Build.0 = Debug|Any CPU
		{2536EDD3-743E-4261-9516-10B41C9FA14A}.Release|Any CPU.ActiveCfg = Release|Any CPU
		{2536EDD3-743E-4261-9516-10B41C9FA14A}.Release|Any CPU.Build.0 = Release|Any CPU
	EndGlobalSection
	GlobalSection(SolutionProperties) = preSolution
		HideSolutionNode = FALSE
	EndGlobalSection
	GlobalSection(ExtensibilityGlobals) = postSolution
		SolutionGuid = {8D957B27-67CB-4563-A5E5-F9206CEB35CD}
	EndGlobalSection
EndGlobal
