
Microsoft Visual Studio Solution File, Format Version 12.00
# Visual Studio 15
VisualStudioVersion = 15.0.27428.2037
MinimumVisualStudioVersion = 10.0.40219.1
Project("{FAE04EC0-301F-11D3-BF4B-00C04F79EFBC}") = "AbstractFactory", "AbstractFactory\AbstractFactory.csproj", "{0D3B1136-8482-4C8C-970B-D2ABCFAF737F}"
EndProject
Global
	GlobalSection(SolutionConfigurationPlatforms) = preSolution
		Debug|Any CPU = Debug|Any CPU
		Release|Any CPU = Release|Any CPU
	EndGlobalSection
	GlobalSection(ProjectConfigurationPlatforms) = postSolution
		{0D3B1136-8482-4C8C-970B-D2ABCFAF737F}.Debug|Any CPU.ActiveCfg = Debug|Any CPU
		{0D3B1136-8482-4C8C-970B-D2ABCFAF737F}.Debug|Any CPU.Build.0 = Debug|Any CPU
		{0D3B1136-8482-4C8C-970B-D2ABCFAF737F}.Release|Any CPU.ActiveCfg = Release|Any CPU
		{0D3B1136-8482-4C8C-970B-D2ABCFAF737F}.Release|Any CPU.Build.0 = Release|Any CPU
	EndGlobalSection
	GlobalSection(SolutionProperties) = preSolution
		HideSolutionNode = FALSE
	EndGlobalSection
	GlobalSection(ExtensibilityGlobals) = postSolution
		SolutionGuid = {C63171D3-1EB5-4A51-AD7E-543834B1C8B0}
	EndGlobalSection
EndGlobal
