
Microsoft Visual Studio Solution File, Format Version 12.00
# Visual Studio 15
VisualStudioVersion = 15.0.27703.2018
MinimumVisualStudioVersion = 10.0.40219.1
Project("{FAE04EC0-301F-11D3-BF4B-00C04F79EFBC}") = "Memento", "Memento\Memento.csproj", "{40851774-815D-47C8-9663-E6F6FF87154B}"
EndProject
Global
	GlobalSection(SolutionConfigurationPlatforms) = preSolution
		Debug|Any CPU = Debug|Any CPU
		Release|Any CPU = Release|Any CPU
	EndGlobalSection
	GlobalSection(ProjectConfigurationPlatforms) = postSolution
		{40851774-815D-47C8-9663-E6F6FF87154B}.Debug|Any CPU.ActiveCfg = Debug|Any CPU
		{40851774-815D-47C8-9663-E6F6FF87154B}.Debug|Any CPU.Build.0 = Debug|Any CPU
		{40851774-815D-47C8-9663-E6F6FF87154B}.Release|Any CPU.ActiveCfg = Release|Any CPU
		{40851774-815D-47C8-9663-E6F6FF87154B}.Release|Any CPU.Build.0 = Release|Any CPU
	EndGlobalSection
	GlobalSection(SolutionProperties) = preSolution
		HideSolutionNode = FALSE
	EndGlobalSection
	GlobalSection(ExtensibilityGlobals) = postSolution
		SolutionGuid = {B79935FD-0ECC-4FF1-BD25-85A65E2B3FF0}
	EndGlobalSection
EndGlobal
