
Microsoft Visual Studio Solution File, Format Version 12.00
# Visual Studio 15
VisualStudioVersion = 15.0.27703.2018
MinimumVisualStudioVersion = 10.0.40219.1
Project("{FAE04EC0-301F-11D3-BF4B-00C04F79EFBC}") = "ChainOfResponsibility", "ChainOfResponsibility\ChainOfResponsibility.csproj", "{EF78F90C-FF4C-4A06-9868-151B1F527B42}"
EndProject
Project("{FAE04EC0-301F-11D3-BF4B-00C04F79EFBC}") = "HandleExpenseExample", "HandleExpenseExample\HandleExpenseExample\HandleExpenseExample.csproj", "{14043778-6267-462E-9040-9C65708F4DC6}"
EndProject
Global
	GlobalSection(SolutionConfigurationPlatforms) = preSolution
		Debug|Any CPU = Debug|Any CPU
		Release|Any CPU = Release|Any CPU
	EndGlobalSection
	GlobalSection(ProjectConfigurationPlatforms) = postSolution
		{EF78F90C-FF4C-4A06-9868-151B1F527B42}.Debug|Any CPU.ActiveCfg = Debug|Any CPU
		{EF78F90C-FF4C-4A06-9868-151B1F527B42}.Debug|Any CPU.Build.0 = Debug|Any CPU
		{EF78F90C-FF4C-4A06-9868-151B1F527B42}.Release|Any CPU.ActiveCfg = Release|Any CPU
		{EF78F90C-FF4C-4A06-9868-151B1F527B42}.Release|Any CPU.Build.0 = Release|Any CPU
		{14043778-6267-462E-9040-9C65708F4DC6}.Debug|Any CPU.ActiveCfg = Debug|Any CPU
		{14043778-6267-462E-9040-9C65708F4DC6}.Debug|Any CPU.Build.0 = Debug|Any CPU
		{14043778-6267-462E-9040-9C65708F4DC6}.Release|Any CPU.ActiveCfg = Release|Any CPU
		{14043778-6267-462E-9040-9C65708F4DC6}.Release|Any CPU.Build.0 = Release|Any CPU
	EndGlobalSection
	GlobalSection(SolutionProperties) = preSolution
		HideSolutionNode = FALSE
	EndGlobalSection
	GlobalSection(ExtensibilityGlobals) = postSolution
		SolutionGuid = {AA8194EA-40AF-4B8F-A679-7AAFCEE7D08F}
	EndGlobalSection
EndGlobal
