
Microsoft Visual Studio Solution File, Format Version 12.00
# Visual Studio 15
VisualStudioVersion = 15.0.27428.2027
MinimumVisualStudioVersion = 10.0.40219.1
Project("{FAE04EC0-301F-11D3-BF4B-00C04F79EFBC}") = "FactoryMethod", "FactoryMethod\FactoryMethod.csproj", "{AC0ECB07-B489-456A-8E0D-05D4ACA7196E}"
EndProject
Project("{FAE04EC0-301F-11D3-BF4B-00C04F79EFBC}") = "FinanceLib", "FinanceLib\FinanceLib.csproj", "{FDE46389-9199-45B6-BB8A-84D59FF251B1}"
EndProject
Global
	GlobalSection(SolutionConfigurationPlatforms) = preSolution
		Debug|Any CPU = Debug|Any CPU
		Release|Any CPU = Release|Any CPU
	EndGlobalSection
	GlobalSection(ProjectConfigurationPlatforms) = postSolution
		{AC0ECB07-B489-456A-8E0D-05D4ACA7196E}.Debug|Any CPU.ActiveCfg = Debug|Any CPU
		{AC0ECB07-B489-456A-8E0D-05D4ACA7196E}.Debug|Any CPU.Build.0 = Debug|Any CPU
		{AC0ECB07-B489-456A-8E0D-05D4ACA7196E}.Release|Any CPU.ActiveCfg = Release|Any CPU
		{AC0ECB07-B489-456A-8E0D-05D4ACA7196E}.Release|Any CPU.Build.0 = Release|Any CPU
		{FDE46389-9199-45B6-BB8A-84D59FF251B1}.Debug|Any CPU.ActiveCfg = Debug|Any CPU
		{FDE46389-9199-45B6-BB8A-84D59FF251B1}.Debug|Any CPU.Build.0 = Debug|Any CPU
		{FDE46389-9199-45B6-BB8A-84D59FF251B1}.Release|Any CPU.ActiveCfg = Release|Any CPU
		{FDE46389-9199-45B6-BB8A-84D59FF251B1}.Release|Any CPU.Build.0 = Release|Any CPU
	EndGlobalSection
	GlobalSection(SolutionProperties) = preSolution
		HideSolutionNode = FALSE
	EndGlobalSection
	GlobalSection(ExtensibilityGlobals) = postSolution
		SolutionGuid = {1F25A79C-CD52-47D5-837C-CC0381BC60A5}
	EndGlobalSection
EndGlobal
